
Microsoft Visual Studio Solution File, Format Version 12.00
# Visual Studio Version 17
VisualStudioVersion = 17.7.34024.191
MinimumVisualStudioVersion = 10.0.40219.1
Project("{2150E333-8FDC-42A3-9474-1A3956D46DE8}") = "Microservices", "Microservices", "{3591D550-3A0B-47BF-B5E4-7030F109A1E8}"
EndProject
Project("{2150E333-8FDC-42A3-9474-1A3956D46DE8}") = "Gateway", "Gateway", "{8FA478B8-60E5-4721-A76A-42B17A098D31}"
EndProject
Project("{2150E333-8FDC-42A3-9474-1A3956D46DE8}") = "Posts", "Posts", "{B72629D3-5EBA-4A68-AFDE-78A69C2F4168}"
EndProject
Project("{2150E333-8FDC-42A3-9474-1A3956D46DE8}") = "Read", "Read", "{B94B527E-A178-413B-8C3F-57DF864F71AF}"
EndProject
Project("{2150E333-8FDC-42A3-9474-1A3956D46DE8}") = "Write", "Write", "{57194AEC-2601-4AA1-97FD-E2D8C5D6D173}"
EndProject
Project("{9A19103F-16F7-4668-BE54-9A1E7A4F7556}") = "CulturalShare.PostRead.API", "CulturalShare.PostRead.API\CulturalShare.PostRead.API.csproj", "{CB23C65A-E49A-4B31-A187-A19FE845843D}"
EndProject
Project("{9A19103F-16F7-4668-BE54-9A1E7A4F7556}") = "CulturalShare.PostWrite.API", "CulturalShare.PostWrite.API\CulturalShare.PostWrite.API.csproj", "{23DF6CBF-479F-40FF-9889-DA575745BC25}"
EndProject
Project("{9A19103F-16F7-4668-BE54-9A1E7A4F7556}") = "CulturalShare.Gateway", "CulturalShare.Gateway\CulturalShare.Gateway.csproj", "{EF19BC50-28DB-45FF-B039-18EEA5ECE4E1}"
EndProject
Project("{2150E333-8FDC-42A3-9474-1A3956D46DE8}") = "Shared", "Shared", "{5A09EE84-C8E9-4DE3-97A5-92CEC7CD3E20}"
EndProject
Project("{9A19103F-16F7-4668-BE54-9A1E7A4F7556}") = "CulturalShare.Shared", "CulturalShare.Shared\CulturalShare.Shared.csproj", "{45D9AB47-FE87-4B27-8BC4-0786E946F2BF}"
EndProject
Project("{9A19103F-16F7-4668-BE54-9A1E7A4F7556}") = "CulturalShare.PostRead.Services", "CulturalShare.PostRead.Services\CulturalShare.PostRead.Services.csproj", "{42E17717-2092-4BBD-9C5D-3C3D8C7D2587}"
EndProject
Project("{2150E333-8FDC-42A3-9474-1A3956D46DE8}") = "Sidecars", "Sidecars", "{BD0527B2-66D5-4A58-96C1-1B21EDE2705A}"
EndProject
Project("{2150E333-8FDC-42A3-9474-1A3956D46DE8}") = "MongoSidecar", "MongoSidecar", "{DFEA7F29-5A10-49E0-9040-0A47DE11410C}"
EndProject
Project("{9A19103F-16F7-4668-BE54-9A1E7A4F7556}") = "CulturaShare.MongoSidecar", "CulturaShare.MongoSidecar\CulturaShare.MongoSidecar.csproj", "{677629F0-B320-41E8-91B4-D8A8E00B8061}"
EndProject
Global
	GlobalSection(SolutionConfigurationPlatforms) = preSolution
		Debug|Any CPU = Debug|Any CPU
		Release|Any CPU = Release|Any CPU
	EndGlobalSection
	GlobalSection(ProjectConfigurationPlatforms) = postSolution
		{CB23C65A-E49A-4B31-A187-A19FE845843D}.Debug|Any CPU.ActiveCfg = Debug|Any CPU
		{CB23C65A-E49A-4B31-A187-A19FE845843D}.Debug|Any CPU.Build.0 = Debug|Any CPU
		{CB23C65A-E49A-4B31-A187-A19FE845843D}.Release|Any CPU.ActiveCfg = Release|Any CPU
		{CB23C65A-E49A-4B31-A187-A19FE845843D}.Release|Any CPU.Build.0 = Release|Any CPU
		{23DF6CBF-479F-40FF-9889-DA575745BC25}.Debug|Any CPU.ActiveCfg = Debug|Any CPU
		{23DF6CBF-479F-40FF-9889-DA575745BC25}.Debug|Any CPU.Build.0 = Debug|Any CPU
		{23DF6CBF-479F-40FF-9889-DA575745BC25}.Release|Any CPU.ActiveCfg = Release|Any CPU
		{23DF6CBF-479F-40FF-9889-DA575745BC25}.Release|Any CPU.Build.0 = Release|Any CPU
		{EF19BC50-28DB-45FF-B039-18EEA5ECE4E1}.Debug|Any CPU.ActiveCfg = Debug|Any CPU
		{EF19BC50-28DB-45FF-B039-18EEA5ECE4E1}.Debug|Any CPU.Build.0 = Debug|Any CPU
		{EF19BC50-28DB-45FF-B039-18EEA5ECE4E1}.Release|Any CPU.ActiveCfg = Release|Any CPU
		{EF19BC50-28DB-45FF-B039-18EEA5ECE4E1}.Release|Any CPU.Build.0 = Release|Any CPU
		{45D9AB47-FE87-4B27-8BC4-0786E946F2BF}.Debug|Any CPU.ActiveCfg = Debug|Any CPU
		{45D9AB47-FE87-4B27-8BC4-0786E946F2BF}.Debug|Any CPU.Build.0 = Debug|Any CPU
		{45D9AB47-FE87-4B27-8BC4-0786E946F2BF}.Release|Any CPU.ActiveCfg = Release|Any CPU
		{45D9AB47-FE87-4B27-8BC4-0786E946F2BF}.Release|Any CPU.Build.0 = Release|Any CPU
		{42E17717-2092-4BBD-9C5D-3C3D8C7D2587}.Debug|Any CPU.ActiveCfg = Debug|Any CPU
		{42E17717-2092-4BBD-9C5D-3C3D8C7D2587}.Debug|Any CPU.Build.0 = Debug|Any CPU
		{42E17717-2092-4BBD-9C5D-3C3D8C7D2587}.Release|Any CPU.ActiveCfg = Release|Any CPU
		{42E17717-2092-4BBD-9C5D-3C3D8C7D2587}.Release|Any CPU.Build.0 = Release|Any CPU
		{677629F0-B320-41E8-91B4-D8A8E00B8061}.Debug|Any CPU.ActiveCfg = Debug|Any CPU
		{677629F0-B320-41E8-91B4-D8A8E00B8061}.Debug|Any CPU.Build.0 = Debug|Any CPU
		{677629F0-B320-41E8-91B4-D8A8E00B8061}.Release|Any CPU.ActiveCfg = Release|Any CPU
		{677629F0-B320-41E8-91B4-D8A8E00B8061}.Release|Any CPU.Build.0 = Release|Any CPU
	EndGlobalSection
	GlobalSection(SolutionProperties) = preSolution
		HideSolutionNode = FALSE
	EndGlobalSection
	GlobalSection(NestedProjects) = preSolution
		{B72629D3-5EBA-4A68-AFDE-78A69C2F4168} = {3591D550-3A0B-47BF-B5E4-7030F109A1E8}
		{B94B527E-A178-413B-8C3F-57DF864F71AF} = {B72629D3-5EBA-4A68-AFDE-78A69C2F4168}
		{57194AEC-2601-4AA1-97FD-E2D8C5D6D173} = {B72629D3-5EBA-4A68-AFDE-78A69C2F4168}
		{CB23C65A-E49A-4B31-A187-A19FE845843D} = {B94B527E-A178-413B-8C3F-57DF864F71AF}
		{23DF6CBF-479F-40FF-9889-DA575745BC25} = {57194AEC-2601-4AA1-97FD-E2D8C5D6D173}
		{EF19BC50-28DB-45FF-B039-18EEA5ECE4E1} = {8FA478B8-60E5-4721-A76A-42B17A098D31}
		{45D9AB47-FE87-4B27-8BC4-0786E946F2BF} = {5A09EE84-C8E9-4DE3-97A5-92CEC7CD3E20}
		{42E17717-2092-4BBD-9C5D-3C3D8C7D2587} = {B94B527E-A178-413B-8C3F-57DF864F71AF}
		{BD0527B2-66D5-4A58-96C1-1B21EDE2705A} = {B72629D3-5EBA-4A68-AFDE-78A69C2F4168}
		{DFEA7F29-5A10-49E0-9040-0A47DE11410C} = {BD0527B2-66D5-4A58-96C1-1B21EDE2705A}
		{677629F0-B320-41E8-91B4-D8A8E00B8061} = {DFEA7F29-5A10-49E0-9040-0A47DE11410C}
	EndGlobalSection
	GlobalSection(ExtensibilityGlobals) = postSolution
		SolutionGuid = {E650DD7A-6013-4EF5-ACB1-555A82AE0F01}
	EndGlobalSection
EndGlobal
